
Microsoft Visual Studio Solution File, Format Version 12.00
# Visual Studio Version 17
VisualStudioVersion = 17.0.32014.148
MinimumVisualStudioVersion = 10.0.40219.1
Project("{FAE04EC0-301F-11D3-BF4B-00C04F79EFBC}") = "API", "API\API.csproj", "{5039F44F-5488-44CB-89A3-94353810E381}"
EndProject
Global
	GlobalSection(SolutionConfigurationPlatforms) = preSolution
		Debug|Any CPU = Debug|Any CPU
		Release|Any CPU = Release|Any CPU
	EndGlobalSection
	GlobalSection(ProjectConfigurationPlatforms) = postSolution
		{5039F44F-5488-44CB-89A3-94353810E381}.Debug|Any CPU.ActiveCfg = Debug|Any CPU
		{5039F44F-5488-44CB-89A3-94353810E381}.Debug|Any CPU.Build.0 = Debug|Any CPU
		{5039F44F-5488-44CB-89A3-94353810E381}.Release|Any CPU.ActiveCfg = Release|Any CPU
		{5039F44F-5488-44CB-89A3-94353810E381}.Release|Any CPU.Build.0 = Release|Any CPU
	EndGlobalSection
	GlobalSection(SolutionProperties) = preSolution
		HideSolutionNode = FALSE
	EndGlobalSection
	GlobalSection(ExtensibilityGlobals) = postSolution
		SolutionGuid = {4E395DF6-691B-4CA9-BA0F-C52D4EFA0665}
	EndGlobalSection
EndGlobal
